
Microsoft Visual Studio Solution File, Format Version 12.00
# Visual Studio Version 16
VisualStudioVersion = 16.0.808.4
MinimumVisualStudioVersion = 10.0.40219.1
Project("{FAE04EC0-301F-11D3-BF4B-00C04F79EFBC}") = "StackAndQueue", "StackAndQueue\StackAndQueue.csproj", "{A5CF2CE9-5BB8-4D66-B65E-F448BBB0B425}"
EndProject
Project("{FAE04EC0-301F-11D3-BF4B-00C04F79EFBC}") = "XUnitTestSinglyLinkedList", "XUnitTestSinglyLinkedList\XUnitTestSinglyLinkedList.csproj", "{1563FBA5-6BCF-44CE-84FC-5F402F851112}"
EndProject
Global
	GlobalSection(SolutionConfigurationPlatforms) = preSolution
		Debug|Any CPU = Debug|Any CPU
		Release|Any CPU = Release|Any CPU
	EndGlobalSection
	GlobalSection(ProjectConfigurationPlatforms) = postSolution
		{A5CF2CE9-5BB8-4D66-B65E-F448BBB0B425}.Debug|Any CPU.ActiveCfg = Debug|Any CPU
		{A5CF2CE9-5BB8-4D66-B65E-F448BBB0B425}.Debug|Any CPU.Build.0 = Debug|Any CPU
		{A5CF2CE9-5BB8-4D66-B65E-F448BBB0B425}.Release|Any CPU.ActiveCfg = Release|Any CPU
		{A5CF2CE9-5BB8-4D66-B65E-F448BBB0B425}.Release|Any CPU.Build.0 = Release|Any CPU
		{1563FBA5-6BCF-44CE-84FC-5F402F851112}.Debug|Any CPU.ActiveCfg = Debug|Any CPU
		{1563FBA5-6BCF-44CE-84FC-5F402F851112}.Debug|Any CPU.Build.0 = Debug|Any CPU
		{1563FBA5-6BCF-44CE-84FC-5F402F851112}.Release|Any CPU.ActiveCfg = Release|Any CPU
		{1563FBA5-6BCF-44CE-84FC-5F402F851112}.Release|Any CPU.Build.0 = Release|Any CPU
	EndGlobalSection
	GlobalSection(SolutionProperties) = preSolution
		HideSolutionNode = FALSE
	EndGlobalSection
	GlobalSection(ExtensibilityGlobals) = postSolution
		SolutionGuid = {B3250BFD-11BB-4E30-8599-A626A67D90CD}
	EndGlobalSection
EndGlobal
