
Microsoft Visual Studio Solution File, Format Version 12.00
# Visual Studio 15
Project("{FAE04EC0-301F-11D3-BF4B-00C04F79EFBC}") = "HashtableImplementation", "HashtableImplementation\HashtableImplementation.csproj", "{5BECEAB1-F3B7-4E5C-BAC2-3EF72378FED4}"
EndProject
Project("{FAE04EC0-301F-11D3-BF4B-00C04F79EFBC}") = "CodeChallenge30Test", "CodeChallenge30Test\CodeChallenge30Test.csproj", "{F5FCE4E9-8A66-4FFF-848A-FF1B7FEC7096}"
EndProject
Global
	GlobalSection(SolutionConfigurationPlatforms) = preSolution
		Debug|Any CPU = Debug|Any CPU
		Release|Any CPU = Release|Any CPU
	EndGlobalSection
	GlobalSection(ProjectConfigurationPlatforms) = postSolution
		{5BECEAB1-F3B7-4E5C-BAC2-3EF72378FED4}.Debug|Any CPU.ActiveCfg = Debug|Any CPU
		{5BECEAB1-F3B7-4E5C-BAC2-3EF72378FED4}.Debug|Any CPU.Build.0 = Debug|Any CPU
		{5BECEAB1-F3B7-4E5C-BAC2-3EF72378FED4}.Release|Any CPU.ActiveCfg = Release|Any CPU
		{5BECEAB1-F3B7-4E5C-BAC2-3EF72378FED4}.Release|Any CPU.Build.0 = Release|Any CPU
		{F5FCE4E9-8A66-4FFF-848A-FF1B7FEC7096}.Debug|Any CPU.ActiveCfg = Debug|Any CPU
		{F5FCE4E9-8A66-4FFF-848A-FF1B7FEC7096}.Debug|Any CPU.Build.0 = Debug|Any CPU
		{F5FCE4E9-8A66-4FFF-848A-FF1B7FEC7096}.Release|Any CPU.ActiveCfg = Release|Any CPU
		{F5FCE4E9-8A66-4FFF-848A-FF1B7FEC7096}.Release|Any CPU.Build.0 = Release|Any CPU
	EndGlobalSection
EndGlobal
