
Microsoft Visual Studio Solution File, Format Version 12.00
# Visual Studio 15
Project("{FAE04EC0-301F-11D3-BF4B-00C04F79EFBC}") = "MergeSort", "MergeSort\MergeSort.csproj", "{852A461C-9BC1-4D92-8A7D-43FB2B4E3B1D}"
EndProject
Project("{FAE04EC0-301F-11D3-BF4B-00C04F79EFBC}") = "CodeChallenge27Test", "CodeChallenge27Test\CodeChallenge27Test.csproj", "{9DEBD1B7-84D4-45E3-9825-03A762A1832E}"
EndProject
Global
	GlobalSection(SolutionConfigurationPlatforms) = preSolution
		Debug|Any CPU = Debug|Any CPU
		Release|Any CPU = Release|Any CPU
	EndGlobalSection
	GlobalSection(ProjectConfigurationPlatforms) = postSolution
		{852A461C-9BC1-4D92-8A7D-43FB2B4E3B1D}.Debug|Any CPU.ActiveCfg = Debug|Any CPU
		{852A461C-9BC1-4D92-8A7D-43FB2B4E3B1D}.Debug|Any CPU.Build.0 = Debug|Any CPU
		{852A461C-9BC1-4D92-8A7D-43FB2B4E3B1D}.Release|Any CPU.ActiveCfg = Release|Any CPU
		{852A461C-9BC1-4D92-8A7D-43FB2B4E3B1D}.Release|Any CPU.Build.0 = Release|Any CPU
		{9DEBD1B7-84D4-45E3-9825-03A762A1832E}.Debug|Any CPU.ActiveCfg = Debug|Any CPU
		{9DEBD1B7-84D4-45E3-9825-03A762A1832E}.Debug|Any CPU.Build.0 = Debug|Any CPU
		{9DEBD1B7-84D4-45E3-9825-03A762A1832E}.Release|Any CPU.ActiveCfg = Release|Any CPU
		{9DEBD1B7-84D4-45E3-9825-03A762A1832E}.Release|Any CPU.Build.0 = Release|Any CPU
	EndGlobalSection
EndGlobal
