
Microsoft Visual Studio Solution File, Format Version 12.00
# Visual Studio Version 16
VisualStudioVersion = 16.0.29326.143
MinimumVisualStudioVersion = 10.0.40219.1
Project("{9A19103F-16F7-4668-BE54-9A1E7A4F7556}") = "ArrayShift", "ArrayShift\ArrayShift.csproj", "{4CF4CABC-DDFF-48A6-8637-EB7C0E588EFD}"
EndProject
Project("{FAE04EC0-301F-11D3-BF4B-00C04F79EFBC}") = "CodeChallenge02Test", "CodeChallenge02Test\CodeChallenge02Test.csproj", "{AD50E2FD-7DEB-447A-957E-DCBF6565FA7E}"
EndProject
Global
	GlobalSection(SolutionConfigurationPlatforms) = preSolution
		Debug|Any CPU = Debug|Any CPU
		Release|Any CPU = Release|Any CPU
	EndGlobalSection
	GlobalSection(ProjectConfigurationPlatforms) = postSolution
		{4CF4CABC-DDFF-48A6-8637-EB7C0E588EFD}.Debug|Any CPU.ActiveCfg = Debug|Any CPU
		{4CF4CABC-DDFF-48A6-8637-EB7C0E588EFD}.Debug|Any CPU.Build.0 = Debug|Any CPU
		{4CF4CABC-DDFF-48A6-8637-EB7C0E588EFD}.Release|Any CPU.ActiveCfg = Release|Any CPU
		{4CF4CABC-DDFF-48A6-8637-EB7C0E588EFD}.Release|Any CPU.Build.0 = Release|Any CPU
		{AD50E2FD-7DEB-447A-957E-DCBF6565FA7E}.Debug|Any CPU.ActiveCfg = Debug|Any CPU
		{AD50E2FD-7DEB-447A-957E-DCBF6565FA7E}.Debug|Any CPU.Build.0 = Debug|Any CPU
		{AD50E2FD-7DEB-447A-957E-DCBF6565FA7E}.Release|Any CPU.ActiveCfg = Release|Any CPU
		{AD50E2FD-7DEB-447A-957E-DCBF6565FA7E}.Release|Any CPU.Build.0 = Release|Any CPU
	EndGlobalSection
	GlobalSection(SolutionProperties) = preSolution
		HideSolutionNode = FALSE
	EndGlobalSection
	GlobalSection(ExtensibilityGlobals) = postSolution
		SolutionGuid = {5D03F11B-8127-4B98-92B8-EF45828F4F34}
	EndGlobalSection
EndGlobal
