
Microsoft Visual Studio Solution File, Format Version 12.00
# Visual Studio Version 16
VisualStudioVersion = 16.0.29326.143
MinimumVisualStudioVersion = 10.0.40219.1
Project("{9A19103F-16F7-4668-BE54-9A1E7A4F7556}") = "SearchBinary", "SearchBinary\SearchBinary.csproj", "{B2093F86-5EEF-4338-B5B0-89B119C9D182}"
EndProject
Project("{FAE04EC0-301F-11D3-BF4B-00C04F79EFBC}") = "CodeChallenge03Test", "CodeChallenge03Test\CodeChallenge03Test.csproj", "{3803997B-9425-44D9-9797-5C21A9BD3B7D}"
EndProject
Global
	GlobalSection(SolutionConfigurationPlatforms) = preSolution
		Debug|Any CPU = Debug|Any CPU
		Release|Any CPU = Release|Any CPU
	EndGlobalSection
	GlobalSection(ProjectConfigurationPlatforms) = postSolution
		{B2093F86-5EEF-4338-B5B0-89B119C9D182}.Debug|Any CPU.ActiveCfg = Debug|Any CPU
		{B2093F86-5EEF-4338-B5B0-89B119C9D182}.Debug|Any CPU.Build.0 = Debug|Any CPU
		{B2093F86-5EEF-4338-B5B0-89B119C9D182}.Release|Any CPU.ActiveCfg = Release|Any CPU
		{B2093F86-5EEF-4338-B5B0-89B119C9D182}.Release|Any CPU.Build.0 = Release|Any CPU
		{3803997B-9425-44D9-9797-5C21A9BD3B7D}.Debug|Any CPU.ActiveCfg = Debug|Any CPU
		{3803997B-9425-44D9-9797-5C21A9BD3B7D}.Debug|Any CPU.Build.0 = Debug|Any CPU
		{3803997B-9425-44D9-9797-5C21A9BD3B7D}.Release|Any CPU.ActiveCfg = Release|Any CPU
		{3803997B-9425-44D9-9797-5C21A9BD3B7D}.Release|Any CPU.Build.0 = Release|Any CPU
	EndGlobalSection
	GlobalSection(SolutionProperties) = preSolution
		HideSolutionNode = FALSE
	EndGlobalSection
	GlobalSection(ExtensibilityGlobals) = postSolution
		SolutionGuid = {E71F0900-7E93-48E2-A239-68EDEC7444F0}
	EndGlobalSection
EndGlobal
