
Microsoft Visual Studio Solution File, Format Version 12.00
# Visual Studio 15
Project("{FAE04EC0-301F-11D3-BF4B-00C04F79EFBC}") = "QueueWithStacks", "QueueWithStacks\QueueWithStacks.csproj", "{E2977D87-4CBE-4F60-927D-668BB6C22EC4}"
EndProject
Project("{FAE04EC0-301F-11D3-BF4B-00C04F79EFBC}") = "CodeChallenge11Test", "CodeChallenge11Test\CodeChallenge11Test.csproj", "{74314050-FDFA-4FD5-A36E-D40C02709D2C}"
EndProject
Global
	GlobalSection(SolutionConfigurationPlatforms) = preSolution
		Debug|Any CPU = Debug|Any CPU
		Release|Any CPU = Release|Any CPU
	EndGlobalSection
	GlobalSection(ProjectConfigurationPlatforms) = postSolution
		{E2977D87-4CBE-4F60-927D-668BB6C22EC4}.Debug|Any CPU.ActiveCfg = Debug|Any CPU
		{E2977D87-4CBE-4F60-927D-668BB6C22EC4}.Debug|Any CPU.Build.0 = Debug|Any CPU
		{E2977D87-4CBE-4F60-927D-668BB6C22EC4}.Release|Any CPU.ActiveCfg = Release|Any CPU
		{E2977D87-4CBE-4F60-927D-668BB6C22EC4}.Release|Any CPU.Build.0 = Release|Any CPU
		{74314050-FDFA-4FD5-A36E-D40C02709D2C}.Debug|Any CPU.ActiveCfg = Debug|Any CPU
		{74314050-FDFA-4FD5-A36E-D40C02709D2C}.Debug|Any CPU.Build.0 = Debug|Any CPU
		{74314050-FDFA-4FD5-A36E-D40C02709D2C}.Release|Any CPU.ActiveCfg = Release|Any CPU
		{74314050-FDFA-4FD5-A36E-D40C02709D2C}.Release|Any CPU.Build.0 = Release|Any CPU
	EndGlobalSection
EndGlobal
