
Microsoft Visual Studio Solution File, Format Version 12.00
# Visual Studio 15
Project("{FAE04EC0-301F-11D3-BF4B-00C04F79EFBC}") = "Trees", "Trees\Trees.csproj", "{2C4CC1C0-1047-422B-A442-92EF2AB44C97}"
EndProject
Project("{FAE04EC0-301F-11D3-BF4B-00C04F79EFBC}") = "CodeChallenge15Test", "CodeChallenge15Test\CodeChallenge15Test.csproj", "{70024D5B-1FFC-451F-84B2-4940744BFD94}"
EndProject
Global
	GlobalSection(SolutionConfigurationPlatforms) = preSolution
		Debug|Any CPU = Debug|Any CPU
		Release|Any CPU = Release|Any CPU
	EndGlobalSection
	GlobalSection(ProjectConfigurationPlatforms) = postSolution
		{2C4CC1C0-1047-422B-A442-92EF2AB44C97}.Debug|Any CPU.ActiveCfg = Debug|Any CPU
		{2C4CC1C0-1047-422B-A442-92EF2AB44C97}.Debug|Any CPU.Build.0 = Debug|Any CPU
		{2C4CC1C0-1047-422B-A442-92EF2AB44C97}.Release|Any CPU.ActiveCfg = Release|Any CPU
		{2C4CC1C0-1047-422B-A442-92EF2AB44C97}.Release|Any CPU.Build.0 = Release|Any CPU
		{70024D5B-1FFC-451F-84B2-4940744BFD94}.Debug|Any CPU.ActiveCfg = Debug|Any CPU
		{70024D5B-1FFC-451F-84B2-4940744BFD94}.Debug|Any CPU.Build.0 = Debug|Any CPU
		{70024D5B-1FFC-451F-84B2-4940744BFD94}.Release|Any CPU.ActiveCfg = Release|Any CPU
		{70024D5B-1FFC-451F-84B2-4940744BFD94}.Release|Any CPU.Build.0 = Release|Any CPU
	EndGlobalSection
EndGlobal
