
Microsoft Visual Studio Solution File, Format Version 12.00
# Visual Studio 15
Project("{FAE04EC0-301F-11D3-BF4B-00C04F79EFBC}") = "TreeIntersection", "TreeIntersection\TreeIntersection.csproj", "{9D91982F-5B98-448C-B423-EB8E73E30C0F}"
EndProject
Project("{FAE04EC0-301F-11D3-BF4B-00C04F79EFBC}") = "CodeChallenge32Test", "CodeChallenge32Test\CodeChallenge32Test.csproj", "{24AA2532-76C5-4553-B0F3-ED87917CC19B}"
EndProject
Global
	GlobalSection(SolutionConfigurationPlatforms) = preSolution
		Debug|Any CPU = Debug|Any CPU
		Release|Any CPU = Release|Any CPU
	EndGlobalSection
	GlobalSection(ProjectConfigurationPlatforms) = postSolution
		{9D91982F-5B98-448C-B423-EB8E73E30C0F}.Debug|Any CPU.ActiveCfg = Debug|Any CPU
		{9D91982F-5B98-448C-B423-EB8E73E30C0F}.Debug|Any CPU.Build.0 = Debug|Any CPU
		{9D91982F-5B98-448C-B423-EB8E73E30C0F}.Release|Any CPU.ActiveCfg = Release|Any CPU
		{9D91982F-5B98-448C-B423-EB8E73E30C0F}.Release|Any CPU.Build.0 = Release|Any CPU
		{24AA2532-76C5-4553-B0F3-ED87917CC19B}.Debug|Any CPU.ActiveCfg = Debug|Any CPU
		{24AA2532-76C5-4553-B0F3-ED87917CC19B}.Debug|Any CPU.Build.0 = Debug|Any CPU
		{24AA2532-76C5-4553-B0F3-ED87917CC19B}.Release|Any CPU.ActiveCfg = Release|Any CPU
		{24AA2532-76C5-4553-B0F3-ED87917CC19B}.Release|Any CPU.Build.0 = Release|Any CPU
	EndGlobalSection
EndGlobal
