
Microsoft Visual Studio Solution File, Format Version 12.00
# Visual Studio 15
Project("{FAE04EC0-301F-11D3-BF4B-00C04F79EFBC}") = "InsertionSort", "InsertionSort\InsertionSort.csproj", "{8C6EB3E8-67C6-4A01-AB97-CB0A0E729C1E}"
EndProject
Project("{FAE04EC0-301F-11D3-BF4B-00C04F79EFBC}") = "CodeChallenge26Test", "CodeChallenge26Test\CodeChallenge26Test.csproj", "{C0455028-5B1D-43D1-BDB4-AB8553B1EB40}"
EndProject
Global
	GlobalSection(SolutionConfigurationPlatforms) = preSolution
		Debug|Any CPU = Debug|Any CPU
		Release|Any CPU = Release|Any CPU
	EndGlobalSection
	GlobalSection(ProjectConfigurationPlatforms) = postSolution
		{8C6EB3E8-67C6-4A01-AB97-CB0A0E729C1E}.Debug|Any CPU.ActiveCfg = Debug|Any CPU
		{8C6EB3E8-67C6-4A01-AB97-CB0A0E729C1E}.Debug|Any CPU.Build.0 = Debug|Any CPU
		{8C6EB3E8-67C6-4A01-AB97-CB0A0E729C1E}.Release|Any CPU.ActiveCfg = Release|Any CPU
		{8C6EB3E8-67C6-4A01-AB97-CB0A0E729C1E}.Release|Any CPU.Build.0 = Release|Any CPU
		{C0455028-5B1D-43D1-BDB4-AB8553B1EB40}.Debug|Any CPU.ActiveCfg = Debug|Any CPU
		{C0455028-5B1D-43D1-BDB4-AB8553B1EB40}.Debug|Any CPU.Build.0 = Debug|Any CPU
		{C0455028-5B1D-43D1-BDB4-AB8553B1EB40}.Release|Any CPU.ActiveCfg = Release|Any CPU
		{C0455028-5B1D-43D1-BDB4-AB8553B1EB40}.Release|Any CPU.Build.0 = Release|Any CPU
	EndGlobalSection
EndGlobal
